
Microsoft Visual Studio Solution File, Format Version 12.00
# Visual Studio Version 16
VisualStudioVersion = 16.0.31515.178
MinimumVisualStudioVersion = 10.0.40219.1
Project("{FAE04EC0-301F-11D3-BF4B-00C04F79EFBC}") = "IEnumerable", "IEnumerable\IEnumerable.csproj", "{029159F2-77C7-4C36-A294-B2C48FCACE5B}"
EndProject
Global
	GlobalSection(SolutionConfigurationPlatforms) = preSolution
		Debug|Any CPU = Debug|Any CPU
		Release|Any CPU = Release|Any CPU
	EndGlobalSection
	GlobalSection(ProjectConfigurationPlatforms) = postSolution
		{029159F2-77C7-4C36-A294-B2C48FCACE5B}.Debug|Any CPU.ActiveCfg = Debug|Any CPU
		{029159F2-77C7-4C36-A294-B2C48FCACE5B}.Debug|Any CPU.Build.0 = Debug|Any CPU
		{029159F2-77C7-4C36-A294-B2C48FCACE5B}.Release|Any CPU.ActiveCfg = Release|Any CPU
		{029159F2-77C7-4C36-A294-B2C48FCACE5B}.Release|Any CPU.Build.0 = Release|Any CPU
	EndGlobalSection
	GlobalSection(SolutionProperties) = preSolution
		HideSolutionNode = FALSE
	EndGlobalSection
	GlobalSection(ExtensibilityGlobals) = postSolution
		SolutionGuid = {C2A7991E-1164-426D-8BBD-A5CB7684711B}
	EndGlobalSection
EndGlobal
